
Microsoft Visual Studio Solution File, Format Version 12.00
# Visual Studio 15
Project("{FAE04EC0-301F-11D3-BF4B-00C04F79EFBC}") = "UnityEngine.UI", "UnityEngine.UI.csproj", "{E825391A-95E1-9B2D-5D0B-D039BEA5E4BD}"
EndProject
Project("{FAE04EC0-301F-11D3-BF4B-00C04F79EFBC}") = "Unity.RenderPipelines.Core.Runtime", "Unity.RenderPipelines.Core.Runtime.csproj", "{24D9C74E-E40E-0C29-1E30-1FB9F3AB32B5}"
EndProject
Project("{FAE04EC0-301F-11D3-BF4B-00C04F79EFBC}") = "Unity.RenderPipelines.Universal.Runtime", "Unity.RenderPipelines.Universal.Runtime.csproj", "{90ADD6B0-EEFA-555C-A2C1-C4050195516B}"
EndProject
Project("{FAE04EC0-301F-11D3-BF4B-00C04F79EFBC}") = "Unity.RenderPipeline.Universal.ShaderLibrary", "Unity.RenderPipeline.Universal.ShaderLibrary.csproj", "{D36513AC-B89F-62FD-B2D3-758EEEA9FB82}"
EndProject
Project("{FAE04EC0-301F-11D3-BF4B-00C04F79EFBC}") = "Unity.RenderPipelines.Core.ShaderLibrary", "Unity.RenderPipelines.Core.ShaderLibrary.csproj", "{FE52A774-837C-1592-57C5-FE707B8B0AD5}"
EndProject
Project("{FAE04EC0-301F-11D3-BF4B-00C04F79EFBC}") = "Assembly-CSharp", "Assembly-CSharp.csproj", "{86A48C17-BD2E-F474-EBC4-DB5A1635E0A8}"
EndProject
Project("{FAE04EC0-301F-11D3-BF4B-00C04F79EFBC}") = "Unity.RenderPipelines.Universal.Shaders", "Unity.RenderPipelines.Universal.Shaders.csproj", "{B8CE97EC-14A3-6959-02D8-25BD9B8E5116}"
EndProject
Project("{FAE04EC0-301F-11D3-BF4B-00C04F79EFBC}") = "Unity.RenderPipelines.ShaderGraph.ShaderGraphLibrary", "Unity.RenderPipelines.ShaderGraph.ShaderGraphLibrary.csproj", "{09367885-A290-24F9-174C-D2158C0100F2}"
EndProject
Project("{FAE04EC0-301F-11D3-BF4B-00C04F79EFBC}") = "Unity.ShaderGraph.Editor", "Unity.ShaderGraph.Editor.csproj", "{4E305169-5EED-839C-A27F-2AD91C8458E8}"
EndProject
Project("{FAE04EC0-301F-11D3-BF4B-00C04F79EFBC}") = "Unity.RenderPipelines.Universal.Editor", "Unity.RenderPipelines.Universal.Editor.csproj", "{C9972C9F-E5D2-E150-06F5-73D422466586}"
EndProject
Project("{FAE04EC0-301F-11D3-BF4B-00C04F79EFBC}") = "Unity.RenderPipelines.Core.Editor", "Unity.RenderPipelines.Core.Editor.csproj", "{0079280D-A46E-4A7B-E7EF-6AED2FD4CC77}"
EndProject
Project("{FAE04EC0-301F-11D3-BF4B-00C04F79EFBC}") = "UnityEditor.UI", "UnityEditor.UI.csproj", "{E0DD4562-B85E-B4C3-0908-E97E33E34E7B}"
EndProject
Project("{FAE04EC0-301F-11D3-BF4B-00C04F79EFBC}") = "PPv2URPConverters", "PPv2URPConverters.csproj", "{93F1F00C-3958-94E8-9EDA-F30F2A439886}"
EndProject
Project("{FAE04EC0-301F-11D3-BF4B-00C04F79EFBC}") = "Assembly-CSharp-Editor", "Assembly-CSharp-Editor.csproj", "{E8081436-DBCA-84AA-752C-DCDFF42CA5BA}"
EndProject
Project("{FAE04EC0-301F-11D3-BF4B-00C04F79EFBC}") = "Unity.ShaderGraph.Utilities", "Unity.ShaderGraph.Utilities.csproj", "{F4CDBB20-A9FC-C539-4D5A-23EC343D1A1B}"
EndProject
Global
	GlobalSection(SolutionConfigurationPlatforms) = preSolution
		Debug|Any CPU = Debug|Any CPU
		Release|Any CPU = Release|Any CPU
	EndGlobalSection
	GlobalSection(ProjectConfigurationPlatforms) = postSolution
		{E825391A-95E1-9B2D-5D0B-D039BEA5E4BD}.Debug|Any CPU.ActiveCfg = Debug|Any CPU
		{E825391A-95E1-9B2D-5D0B-D039BEA5E4BD}.Debug|Any CPU.Build.0 = Debug|Any CPU
		{E825391A-95E1-9B2D-5D0B-D039BEA5E4BD}.Release|Any CPU.ActiveCfg = Release|Any CPU
		{E825391A-95E1-9B2D-5D0B-D039BEA5E4BD}.Release|Any CPU.Build.0 = Release|Any CPU
		{24D9C74E-E40E-0C29-1E30-1FB9F3AB32B5}.Debug|Any CPU.ActiveCfg = Debug|Any CPU
		{24D9C74E-E40E-0C29-1E30-1FB9F3AB32B5}.Debug|Any CPU.Build.0 = Debug|Any CPU
		{24D9C74E-E40E-0C29-1E30-1FB9F3AB32B5}.Release|Any CPU.ActiveCfg = Release|Any CPU
		{24D9C74E-E40E-0C29-1E30-1FB9F3AB32B5}.Release|Any CPU.Build.0 = Release|Any CPU
		{90ADD6B0-EEFA-555C-A2C1-C4050195516B}.Debug|Any CPU.ActiveCfg = Debug|Any CPU
		{90ADD6B0-EEFA-555C-A2C1-C4050195516B}.Debug|Any CPU.Build.0 = Debug|Any CPU
		{90ADD6B0-EEFA-555C-A2C1-C4050195516B}.Release|Any CPU.ActiveCfg = Release|Any CPU
		{90ADD6B0-EEFA-555C-A2C1-C4050195516B}.Release|Any CPU.Build.0 = Release|Any CPU
		{D36513AC-B89F-62FD-B2D3-758EEEA9FB82}.Debug|Any CPU.ActiveCfg = Debug|Any CPU
		{D36513AC-B89F-62FD-B2D3-758EEEA9FB82}.Debug|Any CPU.Build.0 = Debug|Any CPU
		{D36513AC-B89F-62FD-B2D3-758EEEA9FB82}.Release|Any CPU.ActiveCfg = Release|Any CPU
		{D36513AC-B89F-62FD-B2D3-758EEEA9FB82}.Release|Any CPU.Build.0 = Release|Any CPU
		{FE52A774-837C-1592-57C5-FE707B8B0AD5}.Debug|Any CPU.ActiveCfg = Debug|Any CPU
		{FE52A774-837C-1592-57C5-FE707B8B0AD5}.Debug|Any CPU.Build.0 = Debug|Any CPU
		{FE52A774-837C-1592-57C5-FE707B8B0AD5}.Release|Any CPU.ActiveCfg = Release|Any CPU
		{FE52A774-837C-1592-57C5-FE707B8B0AD5}.Release|Any CPU.Build.0 = Release|Any CPU
		{86A48C17-BD2E-F474-EBC4-DB5A1635E0A8}.Debug|Any CPU.ActiveCfg = Debug|Any CPU
		{86A48C17-BD2E-F474-EBC4-DB5A1635E0A8}.Debug|Any CPU.Build.0 = Debug|Any CPU
		{86A48C17-BD2E-F474-EBC4-DB5A1635E0A8}.Release|Any CPU.ActiveCfg = Release|Any CPU
		{86A48C17-BD2E-F474-EBC4-DB5A1635E0A8}.Release|Any CPU.Build.0 = Release|Any CPU
		{B8CE97EC-14A3-6959-02D8-25BD9B8E5116}.Debug|Any CPU.ActiveCfg = Debug|Any CPU
		{B8CE97EC-14A3-6959-02D8-25BD9B8E5116}.Debug|Any CPU.Build.0 = Debug|Any CPU
		{B8CE97EC-14A3-6959-02D8-25BD9B8E5116}.Release|Any CPU.ActiveCfg = Release|Any CPU
		{B8CE97EC-14A3-6959-02D8-25BD9B8E5116}.Release|Any CPU.Build.0 = Release|Any CPU
		{09367885-A290-24F9-174C-D2158C0100F2}.Debug|Any CPU.ActiveCfg = Debug|Any CPU
		{09367885-A290-24F9-174C-D2158C0100F2}.Debug|Any CPU.Build.0 = Debug|Any CPU
		{09367885-A290-24F9-174C-D2158C0100F2}.Release|Any CPU.ActiveCfg = Release|Any CPU
		{09367885-A290-24F9-174C-D2158C0100F2}.Release|Any CPU.Build.0 = Release|Any CPU
		{4E305169-5EED-839C-A27F-2AD91C8458E8}.Debug|Any CPU.ActiveCfg = Debug|Any CPU
		{4E305169-5EED-839C-A27F-2AD91C8458E8}.Debug|Any CPU.Build.0 = Debug|Any CPU
		{4E305169-5EED-839C-A27F-2AD91C8458E8}.Release|Any CPU.ActiveCfg = Release|Any CPU
		{4E305169-5EED-839C-A27F-2AD91C8458E8}.Release|Any CPU.Build.0 = Release|Any CPU
		{C9972C9F-E5D2-E150-06F5-73D422466586}.Debug|Any CPU.ActiveCfg = Debug|Any CPU
		{C9972C9F-E5D2-E150-06F5-73D422466586}.Debug|Any CPU.Build.0 = Debug|Any CPU
		{C9972C9F-E5D2-E150-06F5-73D422466586}.Release|Any CPU.ActiveCfg = Release|Any CPU
		{C9972C9F-E5D2-E150-06F5-73D422466586}.Release|Any CPU.Build.0 = Release|Any CPU
		{0079280D-A46E-4A7B-E7EF-6AED2FD4CC77}.Debug|Any CPU.ActiveCfg = Debug|Any CPU
		{0079280D-A46E-4A7B-E7EF-6AED2FD4CC77}.Debug|Any CPU.Build.0 = Debug|Any CPU
		{0079280D-A46E-4A7B-E7EF-6AED2FD4CC77}.Release|Any CPU.ActiveCfg = Release|Any CPU
		{0079280D-A46E-4A7B-E7EF-6AED2FD4CC77}.Release|Any CPU.Build.0 = Release|Any CPU
		{E0DD4562-B85E-B4C3-0908-E97E33E34E7B}.Debug|Any CPU.ActiveCfg = Debug|Any CPU
		{E0DD4562-B85E-B4C3-0908-E97E33E34E7B}.Debug|Any CPU.Build.0 = Debug|Any CPU
		{E0DD4562-B85E-B4C3-0908-E97E33E34E7B}.Release|Any CPU.ActiveCfg = Release|Any CPU
		{E0DD4562-B85E-B4C3-0908-E97E33E34E7B}.Release|Any CPU.Build.0 = Release|Any CPU
		{93F1F00C-3958-94E8-9EDA-F30F2A439886}.Debug|Any CPU.ActiveCfg = Debug|Any CPU
		{93F1F00C-3958-94E8-9EDA-F30F2A439886}.Debug|Any CPU.Build.0 = Debug|Any CPU
		{93F1F00C-3958-94E8-9EDA-F30F2A439886}.Release|Any CPU.ActiveCfg = Release|Any CPU
		{93F1F00C-3958-94E8-9EDA-F30F2A439886}.Release|Any CPU.Build.0 = Release|Any CPU
		{E8081436-DBCA-84AA-752C-DCDFF42CA5BA}.Debug|Any CPU.ActiveCfg = Debug|Any CPU
		{E8081436-DBCA-84AA-752C-DCDFF42CA5BA}.Debug|Any CPU.Build.0 = Debug|Any CPU
		{E8081436-DBCA-84AA-752C-DCDFF42CA5BA}.Release|Any CPU.ActiveCfg = Release|Any CPU
		{E8081436-DBCA-84AA-752C-DCDFF42CA5BA}.Release|Any CPU.Build.0 = Release|Any CPU
		{F4CDBB20-A9FC-C539-4D5A-23EC343D1A1B}.Debug|Any CPU.ActiveCfg = Debug|Any CPU
		{F4CDBB20-A9FC-C539-4D5A-23EC343D1A1B}.Debug|Any CPU.Build.0 = Debug|Any CPU
		{F4CDBB20-A9FC-C539-4D5A-23EC343D1A1B}.Release|Any CPU.ActiveCfg = Release|Any CPU
		{F4CDBB20-A9FC-C539-4D5A-23EC343D1A1B}.Release|Any CPU.Build.0 = Release|Any CPU
	EndGlobalSection
	GlobalSection(SolutionProperties) = preSolution
		HideSolutionNode = FALSE
	EndGlobalSection
EndGlobal
